
Microsoft Visual Studio Solution File, Format Version 12.00
# Visual Studio Express 14 for Windows Desktop
VisualStudioVersion = 14.0.23107.0
MinimumVisualStudioVersion = 10.0.40219.1
Project("{FAE04EC0-301F-11D3-BF4B-00C04F79EFBC}") = "KimballElectronics.CSharp.MACAddressGenerator", "KimballElectronics.CSharp.MACAddressGenerator\KimballElectronics.CSharp.MACAddressGenerator.csproj", "{201495B0-852E-4101-94E6-2C9A7F5B87CD}"
EndProject
Project("{FAE04EC0-301F-11D3-BF4B-00C04F79EFBC}") = "KimballElectronics.CSharp.SmartHome", "KimballElectronics.CSharp.SmartHome\KimballElectronics.CSharp.SmartHome.csproj", "{533B1B37-9266-4995-AF1B-905161BDC0C9}"
EndProject
Global
	GlobalSection(SolutionConfigurationPlatforms) = preSolution
		Debug|Any CPU = Debug|Any CPU
		Release|Any CPU = Release|Any CPU
	EndGlobalSection
	GlobalSection(ProjectConfigurationPlatforms) = postSolution
		{201495B0-852E-4101-94E6-2C9A7F5B87CD}.Debug|Any CPU.ActiveCfg = Debug|Any CPU
		{201495B0-852E-4101-94E6-2C9A7F5B87CD}.Debug|Any CPU.Build.0 = Debug|Any CPU
		{201495B0-852E-4101-94E6-2C9A7F5B87CD}.Release|Any CPU.ActiveCfg = Release|Any CPU
		{201495B0-852E-4101-94E6-2C9A7F5B87CD}.Release|Any CPU.Build.0 = Release|Any CPU
		{533B1B37-9266-4995-AF1B-905161BDC0C9}.Debug|Any CPU.ActiveCfg = Debug|Any CPU
		{533B1B37-9266-4995-AF1B-905161BDC0C9}.Debug|Any CPU.Build.0 = Debug|Any CPU
		{533B1B37-9266-4995-AF1B-905161BDC0C9}.Release|Any CPU.ActiveCfg = Release|Any CPU
		{533B1B37-9266-4995-AF1B-905161BDC0C9}.Release|Any CPU.Build.0 = Release|Any CPU
	EndGlobalSection
	GlobalSection(SolutionProperties) = preSolution
		HideSolutionNode = FALSE
	EndGlobalSection
EndGlobal
